
Microsoft Visual Studio Solution File, Format Version 12.00
# Visual Studio Version 16
VisualStudioVersion = 16.0.29009.5
MinimumVisualStudioVersion = 10.0.40219.1
Project("{FAE04EC0-301F-11D3-BF4B-00C04F79EFBC}") = "WindowsFormsApp1", "WindowsFormsApp1\WindowsFormsApp1.csproj", "{766A0FAC-8C4F-4AF1-B3F9-C8F4FE7DECDA}"
EndProject
Project("{2150E333-8FDC-42A3-9474-1A3956D46DE8}") = "设计模式", "设计模式", "{6F0E5E51-AA67-46F0-A6EB-51A4FD844253}"
EndProject
Project("{FAE04EC0-301F-11D3-BF4B-00C04F79EFBC}") = "ConsoleApp4", "ConsoleApp4\ConsoleApp4.csproj", "{B5BAC096-86E6-4BCD-B6F5-B4A35BBC101D}"
EndProject
Project("{2150E333-8FDC-42A3-9474-1A3956D46DE8}") = "特性", "特性", "{1969B947-1DB5-4A25-9276-167D7948A037}"
EndProject
Project("{FAE04EC0-301F-11D3-BF4B-00C04F79EFBC}") = "ConsoleAppSheJiMoShi", "ConsoleAppSheJiMoShi\ConsoleAppSheJiMoShi.csproj", "{6B64931F-B4D3-4238-A757-E4588CE1392A}"
EndProject
Project("{FAE04EC0-301F-11D3-BF4B-00C04F79EFBC}") = "WinformSheJiMoShi", "WinformSheJiMoShi\WinformSheJiMoShi.csproj", "{F1AFAE2B-7DC3-42C0-A0B3-420C9926351B}"
EndProject
Project("{2150E333-8FDC-42A3-9474-1A3956D46DE8}") = "反射", "反射", "{2C27EDE8-61F5-4F11-8A87-22323B77A169}"
EndProject
Project("{FAE04EC0-301F-11D3-BF4B-00C04F79EFBC}") = "MyDemo.DB.Interface", "MyDemo.DB.Interface\MyDemo.DB.Interface.csproj", "{5EDC28BD-883B-48A8-8B87-1CF146AD3282}"
EndProject
Project("{FAE04EC0-301F-11D3-BF4B-00C04F79EFBC}") = "MyDemo.DB.MSSQL", "MyDemo.DB.MSSQL\MyDemo.DB.MSSQL.csproj", "{8EB569D5-BCDD-46F5-8E07-D2E6771969CE}"
EndProject
Project("{FAE04EC0-301F-11D3-BF4B-00C04F79EFBC}") = "MyDemo.DB.Oracle", "MyDemo.DB.Oracle\MyDemo.DB.Oracle.csproj", "{FBE931A1-76DB-45AB-B610-B435E17C7C5E}"
EndProject
Project("{FAE04EC0-301F-11D3-BF4B-00C04F79EFBC}") = "MyDemo.DB.MySql", "MyDemo.DB.MySql\MyDemo.DB.MySql.csproj", "{E9DD0E61-37B9-4B16-94B4-EB49C0DEC3AD}"
EndProject
Project("{FAE04EC0-301F-11D3-BF4B-00C04F79EFBC}") = "MyDemo.Reflection", "MyDemo.Reflection\MyDemo.Reflection.csproj", "{6A4B2E09-D536-47D8-9548-7C960AE1BE12}"
EndProject
Project("{2150E333-8FDC-42A3-9474-1A3956D46DE8}") = "算法", "算法", "{6BE27C30-95E3-45D4-B817-083AC2B34BB3}"
EndProject
Project("{2150E333-8FDC-42A3-9474-1A3956D46DE8}") = "第一次作业", "第一次作业", "{A627DE59-C57C-4B09-89AF-1183AAAD738B}"
EndProject
Project("{FAE04EC0-301F-11D3-BF4B-00C04F79EFBC}") = "Libraries.Project", "Libraries.Project\Libraries.Project.csproj", "{D36AC1C5-0BBA-498E-B022-803716A66CF5}"
EndProject
Project("{FAE04EC0-301F-11D3-BF4B-00C04F79EFBC}") = "Libraries.Model", "Libraries.Model\Libraries.Model.csproj", "{B213538F-03C3-43CD-B65F-B8A257085891}"
EndProject
Project("{FAE04EC0-301F-11D3-BF4B-00C04F79EFBC}") = "Libraries.IDAL", "Libraries.IDAL\Libraries.IDAL.csproj", "{F35E1DEE-68A7-41CA-9C04-14DB3C18FD88}"
EndProject
Project("{FAE04EC0-301F-11D3-BF4B-00C04F79EFBC}") = "Libraries.DAL", "Libraries.DAL\Libraries.DAL.csproj", "{B6AE1D43-29CA-4CE0-A804-E1B14D88C11A}"
EndProject
Project("{FAE04EC0-301F-11D3-BF4B-00C04F79EFBC}") = "ProjectK.Framework", "ProjectK.Framework\ProjectK.Framework.csproj", "{D0DB0B5D-C8E4-41B1-A59A-1334BC19A39A}"
EndProject
Project("{FAE04EC0-301F-11D3-BF4B-00C04F79EFBC}") = "Libraries.Factory", "Libraries.Factory\Libraries.Factory.csproj", "{612E0702-E7F2-41B2-A591-FF28A6CD0357}"
EndProject
Global
	GlobalSection(SolutionConfigurationPlatforms) = preSolution
		Debug|Any CPU = Debug|Any CPU
		Release|Any CPU = Release|Any CPU
	EndGlobalSection
	GlobalSection(ProjectConfigurationPlatforms) = postSolution
		{766A0FAC-8C4F-4AF1-B3F9-C8F4FE7DECDA}.Debug|Any CPU.ActiveCfg = Debug|Any CPU
		{766A0FAC-8C4F-4AF1-B3F9-C8F4FE7DECDA}.Debug|Any CPU.Build.0 = Debug|Any CPU
		{766A0FAC-8C4F-4AF1-B3F9-C8F4FE7DECDA}.Release|Any CPU.ActiveCfg = Release|Any CPU
		{766A0FAC-8C4F-4AF1-B3F9-C8F4FE7DECDA}.Release|Any CPU.Build.0 = Release|Any CPU
		{B5BAC096-86E6-4BCD-B6F5-B4A35BBC101D}.Debug|Any CPU.ActiveCfg = Debug|Any CPU
		{B5BAC096-86E6-4BCD-B6F5-B4A35BBC101D}.Debug|Any CPU.Build.0 = Debug|Any CPU
		{B5BAC096-86E6-4BCD-B6F5-B4A35BBC101D}.Release|Any CPU.ActiveCfg = Release|Any CPU
		{B5BAC096-86E6-4BCD-B6F5-B4A35BBC101D}.Release|Any CPU.Build.0 = Release|Any CPU
		{6B64931F-B4D3-4238-A757-E4588CE1392A}.Debug|Any CPU.ActiveCfg = Debug|Any CPU
		{6B64931F-B4D3-4238-A757-E4588CE1392A}.Debug|Any CPU.Build.0 = Debug|Any CPU
		{6B64931F-B4D3-4238-A757-E4588CE1392A}.Release|Any CPU.ActiveCfg = Release|Any CPU
		{6B64931F-B4D3-4238-A757-E4588CE1392A}.Release|Any CPU.Build.0 = Release|Any CPU
		{F1AFAE2B-7DC3-42C0-A0B3-420C9926351B}.Debug|Any CPU.ActiveCfg = Debug|Any CPU
		{F1AFAE2B-7DC3-42C0-A0B3-420C9926351B}.Debug|Any CPU.Build.0 = Debug|Any CPU
		{F1AFAE2B-7DC3-42C0-A0B3-420C9926351B}.Release|Any CPU.ActiveCfg = Release|Any CPU
		{F1AFAE2B-7DC3-42C0-A0B3-420C9926351B}.Release|Any CPU.Build.0 = Release|Any CPU
		{5EDC28BD-883B-48A8-8B87-1CF146AD3282}.Debug|Any CPU.ActiveCfg = Debug|Any CPU
		{5EDC28BD-883B-48A8-8B87-1CF146AD3282}.Debug|Any CPU.Build.0 = Debug|Any CPU
		{5EDC28BD-883B-48A8-8B87-1CF146AD3282}.Release|Any CPU.ActiveCfg = Release|Any CPU
		{5EDC28BD-883B-48A8-8B87-1CF146AD3282}.Release|Any CPU.Build.0 = Release|Any CPU
		{8EB569D5-BCDD-46F5-8E07-D2E6771969CE}.Debug|Any CPU.ActiveCfg = Debug|Any CPU
		{8EB569D5-BCDD-46F5-8E07-D2E6771969CE}.Debug|Any CPU.Build.0 = Debug|Any CPU
		{8EB569D5-BCDD-46F5-8E07-D2E6771969CE}.Release|Any CPU.ActiveCfg = Release|Any CPU
		{8EB569D5-BCDD-46F5-8E07-D2E6771969CE}.Release|Any CPU.Build.0 = Release|Any CPU
		{FBE931A1-76DB-45AB-B610-B435E17C7C5E}.Debug|Any CPU.ActiveCfg = Debug|Any CPU
		{FBE931A1-76DB-45AB-B610-B435E17C7C5E}.Debug|Any CPU.Build.0 = Debug|Any CPU
		{FBE931A1-76DB-45AB-B610-B435E17C7C5E}.Release|Any CPU.ActiveCfg = Release|Any CPU
		{FBE931A1-76DB-45AB-B610-B435E17C7C5E}.Release|Any CPU.Build.0 = Release|Any CPU
		{E9DD0E61-37B9-4B16-94B4-EB49C0DEC3AD}.Debug|Any CPU.ActiveCfg = Debug|Any CPU
		{E9DD0E61-37B9-4B16-94B4-EB49C0DEC3AD}.Debug|Any CPU.Build.0 = Debug|Any CPU
		{E9DD0E61-37B9-4B16-94B4-EB49C0DEC3AD}.Release|Any CPU.ActiveCfg = Release|Any CPU
		{E9DD0E61-37B9-4B16-94B4-EB49C0DEC3AD}.Release|Any CPU.Build.0 = Release|Any CPU
		{6A4B2E09-D536-47D8-9548-7C960AE1BE12}.Debug|Any CPU.ActiveCfg = Debug|Any CPU
		{6A4B2E09-D536-47D8-9548-7C960AE1BE12}.Debug|Any CPU.Build.0 = Debug|Any CPU
		{6A4B2E09-D536-47D8-9548-7C960AE1BE12}.Release|Any CPU.ActiveCfg = Release|Any CPU
		{6A4B2E09-D536-47D8-9548-7C960AE1BE12}.Release|Any CPU.Build.0 = Release|Any CPU
		{D36AC1C5-0BBA-498E-B022-803716A66CF5}.Debug|Any CPU.ActiveCfg = Debug|Any CPU
		{D36AC1C5-0BBA-498E-B022-803716A66CF5}.Debug|Any CPU.Build.0 = Debug|Any CPU
		{D36AC1C5-0BBA-498E-B022-803716A66CF5}.Release|Any CPU.ActiveCfg = Release|Any CPU
		{D36AC1C5-0BBA-498E-B022-803716A66CF5}.Release|Any CPU.Build.0 = Release|Any CPU
		{B213538F-03C3-43CD-B65F-B8A257085891}.Debug|Any CPU.ActiveCfg = Debug|Any CPU
		{B213538F-03C3-43CD-B65F-B8A257085891}.Debug|Any CPU.Build.0 = Debug|Any CPU
		{B213538F-03C3-43CD-B65F-B8A257085891}.Release|Any CPU.ActiveCfg = Release|Any CPU
		{B213538F-03C3-43CD-B65F-B8A257085891}.Release|Any CPU.Build.0 = Release|Any CPU
		{F35E1DEE-68A7-41CA-9C04-14DB3C18FD88}.Debug|Any CPU.ActiveCfg = Debug|Any CPU
		{F35E1DEE-68A7-41CA-9C04-14DB3C18FD88}.Debug|Any CPU.Build.0 = Debug|Any CPU
		{F35E1DEE-68A7-41CA-9C04-14DB3C18FD88}.Release|Any CPU.ActiveCfg = Release|Any CPU
		{F35E1DEE-68A7-41CA-9C04-14DB3C18FD88}.Release|Any CPU.Build.0 = Release|Any CPU
		{B6AE1D43-29CA-4CE0-A804-E1B14D88C11A}.Debug|Any CPU.ActiveCfg = Debug|Any CPU
		{B6AE1D43-29CA-4CE0-A804-E1B14D88C11A}.Debug|Any CPU.Build.0 = Debug|Any CPU
		{B6AE1D43-29CA-4CE0-A804-E1B14D88C11A}.Release|Any CPU.ActiveCfg = Release|Any CPU
		{B6AE1D43-29CA-4CE0-A804-E1B14D88C11A}.Release|Any CPU.Build.0 = Release|Any CPU
		{D0DB0B5D-C8E4-41B1-A59A-1334BC19A39A}.Debug|Any CPU.ActiveCfg = Debug|Any CPU
		{D0DB0B5D-C8E4-41B1-A59A-1334BC19A39A}.Debug|Any CPU.Build.0 = Debug|Any CPU
		{D0DB0B5D-C8E4-41B1-A59A-1334BC19A39A}.Release|Any CPU.ActiveCfg = Release|Any CPU
		{D0DB0B5D-C8E4-41B1-A59A-1334BC19A39A}.Release|Any CPU.Build.0 = Release|Any CPU
		{612E0702-E7F2-41B2-A591-FF28A6CD0357}.Debug|Any CPU.ActiveCfg = Debug|Any CPU
		{612E0702-E7F2-41B2-A591-FF28A6CD0357}.Debug|Any CPU.Build.0 = Debug|Any CPU
		{612E0702-E7F2-41B2-A591-FF28A6CD0357}.Release|Any CPU.ActiveCfg = Release|Any CPU
		{612E0702-E7F2-41B2-A591-FF28A6CD0357}.Release|Any CPU.Build.0 = Release|Any CPU
	EndGlobalSection
	GlobalSection(SolutionProperties) = preSolution
		HideSolutionNode = FALSE
	EndGlobalSection
	GlobalSection(NestedProjects) = preSolution
		{766A0FAC-8C4F-4AF1-B3F9-C8F4FE7DECDA} = {6BE27C30-95E3-45D4-B817-083AC2B34BB3}
		{B5BAC096-86E6-4BCD-B6F5-B4A35BBC101D} = {1969B947-1DB5-4A25-9276-167D7948A037}
		{6B64931F-B4D3-4238-A757-E4588CE1392A} = {6F0E5E51-AA67-46F0-A6EB-51A4FD844253}
		{F1AFAE2B-7DC3-42C0-A0B3-420C9926351B} = {6F0E5E51-AA67-46F0-A6EB-51A4FD844253}
		{5EDC28BD-883B-48A8-8B87-1CF146AD3282} = {2C27EDE8-61F5-4F11-8A87-22323B77A169}
		{8EB569D5-BCDD-46F5-8E07-D2E6771969CE} = {2C27EDE8-61F5-4F11-8A87-22323B77A169}
		{FBE931A1-76DB-45AB-B610-B435E17C7C5E} = {2C27EDE8-61F5-4F11-8A87-22323B77A169}
		{E9DD0E61-37B9-4B16-94B4-EB49C0DEC3AD} = {2C27EDE8-61F5-4F11-8A87-22323B77A169}
		{6A4B2E09-D536-47D8-9548-7C960AE1BE12} = {2C27EDE8-61F5-4F11-8A87-22323B77A169}
		{D36AC1C5-0BBA-498E-B022-803716A66CF5} = {A627DE59-C57C-4B09-89AF-1183AAAD738B}
		{B213538F-03C3-43CD-B65F-B8A257085891} = {A627DE59-C57C-4B09-89AF-1183AAAD738B}
		{F35E1DEE-68A7-41CA-9C04-14DB3C18FD88} = {A627DE59-C57C-4B09-89AF-1183AAAD738B}
		{B6AE1D43-29CA-4CE0-A804-E1B14D88C11A} = {A627DE59-C57C-4B09-89AF-1183AAAD738B}
		{D0DB0B5D-C8E4-41B1-A59A-1334BC19A39A} = {A627DE59-C57C-4B09-89AF-1183AAAD738B}
		{612E0702-E7F2-41B2-A591-FF28A6CD0357} = {A627DE59-C57C-4B09-89AF-1183AAAD738B}
	EndGlobalSection
	GlobalSection(ExtensibilityGlobals) = postSolution
		SolutionGuid = {BA820FF6-6BD0-4D97-9C58-B9796FEE94B4}
	EndGlobalSection
EndGlobal
